
Microsoft Visual Studio Solution File, Format Version 12.00
# Visual Studio Version 17
VisualStudioVersion = 17.0.31919.166
MinimumVisualStudioVersion = 10.0.40219.1
Project("{9A19103F-16F7-4668-BE54-9A1E7A4F7556}") = "EduCrypto", "EduCrypto\EduCrypto.csproj", "{6F6A6E91-0612-49DB-9945-77738FF213EF}"
EndProject
Project("{2150E333-8FDC-42A3-9474-1A3956D46DE8}") = "Presentation", "Presentation", "{BCD1E900-4CDD-4ACF-9F59-D3BBFF0AB8B1}"
EndProject
Project("{9A19103F-16F7-4668-BE54-9A1E7A4F7556}") = "Application", "Application\Application.csproj", "{16D25B02-1F11-4E68-9508-877759D6A4E4}"
EndProject
Project("{2150E333-8FDC-42A3-9474-1A3956D46DE8}") = "Application", "Application", "{5BBF0B5B-E00E-4801-A209-E2606BD9A79B}"
EndProject
Project("{2150E333-8FDC-42A3-9474-1A3956D46DE8}") = "Documentation", "Documentation", "{681B2F24-2A4A-46FB-BB62-C045F034641A}"
	ProjectSection(SolutionItems) = preProject
		DataStructure.md = DataStructure.md
		README.md = README.md
	EndProjectSection
EndProject
Project("{2150E333-8FDC-42A3-9474-1A3956D46DE8}") = "GUI-plans", "GUI-plans", "{16B3AA0D-68F4-400E-99A3-6D4FF17B14A3}"
	ProjectSection(SolutionItems) = preProject
		..\..\..\Downloads\Group page.png = ..\..\..\Downloads\Group page.png
		..\..\..\Downloads\Home page logged in.png = ..\..\..\Downloads\Home page logged in.png
		..\..\..\Downloads\Login.png = ..\..\..\Downloads\Login.png
		..\..\..\Downloads\Opening page without login.png = ..\..\..\Downloads\Opening page without login.png
		..\..\..\Downloads\Profile page.png = ..\..\..\Downloads\Profile page.png
		..\..\..\Downloads\Test page.png = ..\..\..\Downloads\Test page.png
	EndProjectSection
EndProject
Global
	GlobalSection(SolutionConfigurationPlatforms) = preSolution
		Debug|Any CPU = Debug|Any CPU
		Release|Any CPU = Release|Any CPU
	EndGlobalSection
	GlobalSection(ProjectConfigurationPlatforms) = postSolution
		{6F6A6E91-0612-49DB-9945-77738FF213EF}.Debug|Any CPU.ActiveCfg = Debug|Any CPU
		{6F6A6E91-0612-49DB-9945-77738FF213EF}.Debug|Any CPU.Build.0 = Debug|Any CPU
		{6F6A6E91-0612-49DB-9945-77738FF213EF}.Release|Any CPU.ActiveCfg = Release|Any CPU
		{6F6A6E91-0612-49DB-9945-77738FF213EF}.Release|Any CPU.Build.0 = Release|Any CPU
		{16D25B02-1F11-4E68-9508-877759D6A4E4}.Debug|Any CPU.ActiveCfg = Debug|Any CPU
		{16D25B02-1F11-4E68-9508-877759D6A4E4}.Debug|Any CPU.Build.0 = Debug|Any CPU
		{16D25B02-1F11-4E68-9508-877759D6A4E4}.Release|Any CPU.ActiveCfg = Release|Any CPU
		{16D25B02-1F11-4E68-9508-877759D6A4E4}.Release|Any CPU.Build.0 = Release|Any CPU
	EndGlobalSection
	GlobalSection(SolutionProperties) = preSolution
		HideSolutionNode = FALSE
	EndGlobalSection
	GlobalSection(NestedProjects) = preSolution
		{6F6A6E91-0612-49DB-9945-77738FF213EF} = {BCD1E900-4CDD-4ACF-9F59-D3BBFF0AB8B1}
		{16D25B02-1F11-4E68-9508-877759D6A4E4} = {5BBF0B5B-E00E-4801-A209-E2606BD9A79B}
	EndGlobalSection
	GlobalSection(ExtensibilityGlobals) = postSolution
		SolutionGuid = {BD7502FA-FBB9-4FFD-81D1-576B05CFE420}
	EndGlobalSection
EndGlobal
